// !$*UTF8*$!
{
	archiveVersion = 1;
	classes = {
	};
	objectVersion = 50;
	objects = {

/* Begin PBXBuildFile section */
		BA65AB0722731F61008518F0 /* AppDelegate.m in Sources */ = {isa = PBXBuildFile; fileRef = BA65AB0622731F61008518F0 /* AppDelegate.m */; };
		BA65AB0A22731F61008518F0 /* ViewController.m in Sources */ = {isa = PBXBuildFile; fileRef = BA65AB0922731F61008518F0 /* ViewController.m */; };
		BA65AB0D22731F61008518F0 /* Main.storyboard in Resources */ = {isa = PBXBuildFile; fileRef = BA65AB0B22731F61008518F0 /* Main.storyboard */; };
		BA65AB1022731F61008518F0 /* Registeration_with_Maps.xcdatamodeld in Sources */ = {isa = PBXBuildFile; fileRef = BA65AB0E22731F61008518F0 /* Registeration_with_Maps.xcdatamodeld */; };
		BA65AB1222731F6E008518F0 /* Assets.xcassets in Resources */ = {isa = PBXBuildFile; fileRef = BA65AB1122731F6E008518F0 /* Assets.xcassets */; };
		BA65AB1522731F6E008518F0 /* LaunchScreen.storyboard in Resources */ = {isa = PBXBuildFile; fileRef = BA65AB1322731F6E008518F0 /* LaunchScreen.storyboard */; };
		BA65AB1822731F6E008518F0 /* main.m in Sources */ = {isa = PBXBuildFile; fileRef = BA65AB1722731F6E008518F0 /* main.m */; };
		BA65AB202273290C008518F0 /* PenAnnotation.m in Sources */ = {isa = PBXBuildFile; fileRef = BA65AB1F2273290C008518F0 /* PenAnnotation.m */; };
		BA65AB23227378F6008518F0 /* SignInViewController.m in Sources */ = {isa = PBXBuildFile; fileRef = BA65AB22227378F6008518F0 /* SignInViewController.m */; };
		BA65AB262273844B008518F0 /* ProfileViewController.m in Sources */ = {isa = PBXBuildFile; fileRef = BA65AB252273844B008518F0 /* ProfileViewController.m */; };
		BA65AB2C22739BBB008518F0 /* ImageTableView.m in Sources */ = {isa = PBXBuildFile; fileRef = BA65AB2B22739BBB008518F0 /* ImageTableView.m */; };
/* End PBXBuildFile section */

/* Begin PBXFileReference section */
		BA65AB0222731F61008518F0 /* Registeration with Maps.app */ = {isa = PBXFileReference; explicitFileType = wrapper.application; includeInIndex = 0; path = "Registeration with Maps.app"; sourceTree = BUILT_PRODUCTS_DIR; };
		BA65AB0522731F61008518F0 /* AppDelegate.h */ = {isa = PBXFileReference; lastKnownFileType = sourcecode.c.h; path = AppDelegate.h; sourceTree = "<group>"; };
		BA65AB0622731F61008518F0 /* AppDelegate.m */ = {isa = PBXFileReference; lastKnownFileType = sourcecode.c.objc; path = AppDelegate.m; sourceTree = "<group>"; };
		BA65AB0822731F61008518F0 /* ViewController.h */ = {isa = PBXFileReference; lastKnownFileType = sourcecode.c.h; path = ViewController.h; sourceTree = "<group>"; };
		BA65AB0922731F61008518F0 /* ViewController.m */ = {isa = PBXFileReference; lastKnownFileType = sourcecode.c.objc; path = ViewController.m; sourceTree = "<group>"; };
		BA65AB0C22731F61008518F0 /* Base */ = {isa = PBXFileReference; lastKnownFileType = file.storyboard; name = Base; path = Base.lproj/Main.storyboard; sourceTree = "<group>"; };
		BA65AB0F22731F61008518F0 /* Registeration_with_Maps.xcdatamodel */ = {isa = PBXFileReference; lastKnownFileType = wrapper.xcdatamodel; path = Registeration_with_Maps.xcdatamodel; sourceTree = "<group>"; };
		BA65AB1122731F6E008518F0 /* Assets.xcassets */ = {isa = PBXFileReference; lastKnownFileType = folder.assetcatalog; path = Assets.xcassets; sourceTree = "<group>"; };
		BA65AB1422731F6E008518F0 /* Base */ = {isa = PBXFileReference; lastKnownFileType = file.storyboard; name = Base; path = Base.lproj/LaunchScreen.storyboard; sourceTree = "<group>"; };
		BA65AB1622731F6E008518F0 /* Info.plist */ = {isa = PBXFileReference; lastKnownFileType = text.plist.xml; path = Info.plist; sourceTree = "<group>"; };
		BA65AB1722731F6E008518F0 /* main.m */ = {isa = PBXFileReference; lastKnownFileType = sourcecode.c.objc; path = main.m; sourceTree = "<group>"; };
		BA65AB1E2273290C008518F0 /* PenAnnotation.h */ = {isa = PBXFileReference; lastKnownFileType = sourcecode.c.h; path = PenAnnotation.h; sourceTree = "<group>"; };
		BA65AB1F2273290C008518F0 /* PenAnnotation.m */ = {isa = PBXFileReference; lastKnownFileType = sourcecode.c.objc; path = PenAnnotation.m; sourceTree = "<group>"; };
		BA65AB21227378F6008518F0 /* SignInViewController.h */ = {isa = PBXFileReference; lastKnownFileType = sourcecode.c.h; path = SignInViewController.h; sourceTree = "<group>"; };
		BA65AB22227378F6008518F0 /* SignInViewController.m */ = {isa = PBXFileReference; lastKnownFileType = sourcecode.c.objc; path = SignInViewController.m; sourceTree = "<group>"; };
		BA65AB242273844B008518F0 /* ProfileViewController.h */ = {isa = PBXFileReference; lastKnownFileType = sourcecode.c.h; path = ProfileViewController.h; sourceTree = "<group>"; };
		BA65AB252273844B008518F0 /* ProfileViewController.m */ = {isa = PBXFileReference; lastKnownFileType = sourcecode.c.objc; path = ProfileViewController.m; sourceTree = "<group>"; };
		BA65AB2A22739BBB008518F0 /* ImageTableView.h */ = {isa = PBXFileReference; lastKnownFileType = sourcecode.c.h; path = ImageTableView.h; sourceTree = "<group>"; };
		BA65AB2B22739BBB008518F0 /* ImageTableView.m */ = {isa = PBXFileReference; lastKnownFileType = sourcecode.c.objc; path = ImageTableView.m; sourceTree = "<group>"; };
/* End PBXFileReference section */

/* Begin PBXFrameworksBuildPhase section */
		BA65AAFF22731F61008518F0 /* Frameworks */ = {
			isa = PBXFrameworksBuildPhase;
			buildActionMask = 2147483647;
			files = (
			);
			runOnlyForDeploymentPostprocessing = 0;
		};
/* End PBXFrameworksBuildPhase section */

/* Begin PBXGroup section */
		BA65AAF922731F61008518F0 = {
			isa = PBXGroup;
			children = (
				BA65AB0422731F61008518F0 /* Registeration with Maps */,
				BA65AB0322731F61008518F0 /* Products */,
			);
			sourceTree = "<group>";
		};
		BA65AB0322731F61008518F0 /* Products */ = {
			isa = PBXGroup;
			children = (
				BA65AB0222731F61008518F0 /* Registeration with Maps.app */,
			);
			name = Products;
			sourceTree = "<group>";
		};
		BA65AB0422731F61008518F0 /* Registeration with Maps */ = {
			isa = PBXGroup;
			children = (
				BA65AB0522731F61008518F0 /* AppDelegate.h */,
				BA65AB0622731F61008518F0 /* AppDelegate.m */,
				BA65AB0822731F61008518F0 /* ViewController.h */,
				BA65AB0922731F61008518F0 /* ViewController.m */,
				BA65AB0B22731F61008518F0 /* Main.storyboard */,
				BA65AB1122731F6E008518F0 /* Assets.xcassets */,
				BA65AB1322731F6E008518F0 /* LaunchScreen.storyboard */,
				BA65AB1622731F6E008518F0 /* Info.plist */,
				BA65AB1722731F6E008518F0 /* main.m */,
				BA65AB0E22731F61008518F0 /* Registeration_with_Maps.xcdatamodeld */,
				BA65AB1E2273290C008518F0 /* PenAnnotation.h */,
				BA65AB1F2273290C008518F0 /* PenAnnotation.m */,
				BA65AB21227378F6008518F0 /* SignInViewController.h */,
				BA65AB22227378F6008518F0 /* SignInViewController.m */,
				BA65AB242273844B008518F0 /* ProfileViewController.h */,
				BA65AB252273844B008518F0 /* ProfileViewController.m */,
				BA65AB2A22739BBB008518F0 /* ImageTableView.h */,
				BA65AB2B22739BBB008518F0 /* ImageTableView.m */,
			);
			path = "Registeration with Maps";
			sourceTree = "<group>";
		};
/* End PBXGroup section */

/* Begin PBXNativeTarget section */
		BA65AB0122731F61008518F0 /* Registeration with Maps */ = {
			isa = PBXNativeTarget;
			buildConfigurationList = BA65AB1B22731F6E008518F0 /* Build configuration list for PBXNativeTarget "Registeration with Maps" */;
			buildPhases = (
				BA65AAFE22731F61008518F0 /* Sources */,
				BA65AAFF22731F61008518F0 /* Frameworks */,
				BA65AB0022731F61008518F0 /* Resources */,
			);
			buildRules = (
			);
			dependencies = (
			);
			name = "Registeration with Maps";
			productName = "Registeration with Maps";
			productReference = BA65AB0222731F61008518F0 /* Registeration with Maps.app */;
			productType = "com.apple.product-type.application";
		};
/* End PBXNativeTarget section */

/* Begin PBXProject section */
		BA65AAFA22731F61008518F0 /* Project object */ = {
			isa = PBXProject;
			attributes = {
				LastUpgradeCheck = 0930;
				ORGANIZATIONNAME = "Esraa And Passant";
				TargetAttributes = {
					BA65AB0122731F61008518F0 = {
						CreatedOnToolsVersion = 9.3;
					};
				};
			};
			buildConfigurationList = BA65AAFD22731F61008518F0 /* Build configuration list for PBXProject "Registeration with Maps" */;
			compatibilityVersion = "Xcode 9.3";
			developmentRegion = en;
			hasScannedForEncodings = 0;
			knownRegions = (
				en,
				Base,
			);
			mainGroup = BA65AAF922731F61008518F0;
			productRefGroup = BA65AB0322731F61008518F0 /* Products */;
			projectDirPath = "";
			projectRoot = "";
			targets = (
				BA65AB0122731F61008518F0 /* Registeration with Maps */,
			);
		};
/* End PBXProject section */

/* Begin PBXResourcesBuildPhase section */
		BA65AB0022731F61008518F0 /* Resources */ = {
			isa = PBXResourcesBuildPhase;
			buildActionMask = 2147483647;
			files = (
				BA65AB1522731F6E008518F0 /* LaunchScreen.storyboard in Resources */,
				BA65AB1222731F6E008518F0 /* Assets.xcassets in Resources */,
				BA65AB0D22731F61008518F0 /* Main.storyboard in Resources */,
			);
			runOnlyForDeploymentPostprocessing = 0;
		};
/* End PBXResourcesBuildPhase section */

/* Begin PBXSourcesBuildPhase section */
		BA65AAFE22731F61008518F0 /* Sources */ = {
			isa = PBXSourcesBuildPhase;
			buildActionMask = 2147483647;
			files = (
				BA65AB1022731F61008518F0 /* Registeration_with_Maps.xcdatamodeld in Sources */,
				BA65AB2C22739BBB008518F0 /* ImageTableView.m in Sources */,
				BA65AB0A22731F61008518F0 /* ViewController.m in Sources */,
				BA65AB202273290C008518F0 /* PenAnnotation.m in Sources */,
				BA65AB1822731F6E008518F0 /* main.m in Sources */,
				BA65AB262273844B008518F0 /* ProfileViewController.m in Sources */,
				BA65AB23227378F6008518F0 /* SignInViewController.m in Sources */,
				BA65AB0722731F61008518F0 /* AppDelegate.m in Sources */,
			);
			runOnlyForDeploymentPostprocessing = 0;
		};
/* End PBXSourcesBuildPhase section */

/* Begin PBXVariantGroup section */
		BA65AB0B22731F61008518F0 /* Main.storyboard */ = {
			isa = PBXVariantGroup;
			children = (
				BA65AB0C22731F61008518F0 /* Base */,
			);
			name = Main.storyboard;
			sourceTree = "<group>";
		};
		BA65AB1322731F6E008518F0 /* LaunchScreen.storyboard */ = {
			isa = PBXVariantGroup;
			children = (
				BA65AB1422731F6E008518F0 /* Base */,
			);
			name = LaunchScreen.storyboard;
			sourceTree = "<group>";
		};
/* End PBXVariantGroup section */

/* Begin XCBuildConfiguration section */
		BA65AB1922731F6E008518F0 /* Debug */ = {
			isa = XCBuildConfiguration;
			buildSettings = {
				ALWAYS_SEARCH_USER_PATHS = NO;
				CLANG_ANALYZER_NONNULL = YES;
				CLANG_ANALYZER_NUMBER_OBJECT_CONVERSION = YES_AGGRESSIVE;
				CLANG_CXX_LANGUAGE_STANDARD = "gnu++14";
				CLANG_CXX_LIBRARY = "libc++";
				CLANG_ENABLE_MODULES = YES;
				CLANG_ENABLE_OBJC_ARC = YES;
				CLANG_ENABLE_OBJC_WEAK = YES;
				CLANG_WARN_BLOCK_CAPTURE_AUTORELEASING = YES;
				CLANG_WARN_BOOL_CONVERSION = YES;
				CLANG_WARN_COMMA = YES;
				CLANG_WARN_CONSTANT_CONVERSION = YES;
				CLANG_WARN_DEPRECATED_OBJC_IMPLEMENTATIONS = YES;
				CLANG_WARN_DIRECT_OBJC_ISA_USAGE = YES_ERROR;
				CLANG_WARN_DOCUMENTATION_COMMENTS = YES;
				CLANG_WARN_EMPTY_BODY = YES;
				CLANG_WARN_ENUM_CONVERSION = YES;
				CLANG_WARN_INFINITE_RECURSION = YES;
				CLANG_WARN_INT_CONVERSION = YES;
				CLANG_WARN_NON_LITERAL_NULL_CONVERSION = YES;
				CLANG_WARN_OBJC_IMPLICIT_RETAIN_SELF = YES;
				CLANG_WARN_OBJC_LITERAL_CONVERSION = YES;
				CLANG_WARN_OBJC_ROOT_CLASS = YES_ERROR;
				CLANG_WARN_RANGE_LOOP_ANALYSIS = YES;
				CLANG_WARN_STRICT_PROTOTYPES = YES;
				CLANG_WARN_SUSPICIOUS_MOVE = YES;
				CLANG_WARN_UNGUARDED_AVAILABILITY = YES_AGGRESSIVE;
				CLANG_WARN_UNREACHABLE_CODE = YES;
				CLANG_WARN__DUPLICATE_METHOD_MATCH = YES;
				CODE_SIGN_IDENTITY = "iPhone Developer";
				COPY_PHASE_STRIP = NO;
				DEBUG_INFORMATION_FORMAT = dwarf;
				ENABLE_STRICT_OBJC_MSGSEND = YES;
				ENABLE_TESTABILITY = YES;
				GCC_C_LANGUAGE_STANDARD = gnu11;
				GCC_DYNAMIC_NO_PIC = NO;
				GCC_NO_COMMON_BLOCKS = YES;
				GCC_OPTIMIZATION_LEVEL = 0;
				GCC_PREPROCESSOR_DEFINITIONS = (
					"DEBUG=1",
					"$(inherited)",
				);
				GCC_WARN_64_TO_32_BIT_CONVERSION = YES;
				GCC_WARN_ABOUT_RETURN_TYPE = YES_ERROR;
				GCC_WARN_UNDECLARED_SELECTOR = YES;
				GCC_WARN_UNINITIALIZED_AUTOS = YES_AGGRESSIVE;
				GCC_WARN_UNUSED_FUNCTION = YES;
				GCC_WARN_UNUSED_VARIABLE = YES;
				IPHONEOS_DEPLOYMENT_TARGET = 11.3;
				MTL_ENABLE_DEBUG_INFO = YES;
				ONLY_ACTIVE_ARCH = YES;
				SDKROOT = iphoneos;
			};
			name = Debug;
		};
		BA65AB1A22731F6E008518F0 /* Release */ = {
			isa = XCBuildConfiguration;
			buildSettings = {
				ALWAYS_SEARCH_USER_PATHS = NO;
				CLANG_ANALYZER_NONNULL = YES;
				CLANG_ANALYZER_NUMBER_OBJECT_CONVERSION = YES_AGGRESSIVE;
				CLANG_CXX_LANGUAGE_STANDARD = "gnu++14";
				CLANG_CXX_LIBRARY = "libc++";
				CLANG_ENABLE_MODULES = YES;
				CLANG_ENABLE_OBJC_ARC = YES;
				CLANG_ENABLE_OBJC_WEAK = YES;
				CLANG_WARN_BLOCK_CAPTURE_AUTORELEASING = YES;
				CLANG_WARN_BOOL_CONVERSION = YES;
				CLANG_WARN_COMMA = YES;
				CLANG_WARN_CONSTANT_CONVERSION = YES;
				CLANG_WARN_DEPRECATED_OBJC_IMPLEMENTATIONS = YES;
				CLANG_WARN_DIRECT_OBJC_ISA_USAGE = YES_ERROR;
				CLANG_WARN_DOCUMENTATION_COMMENTS = YES;
				CLANG_WARN_EMPTY_BODY = YES;
				CLANG_WARN_ENUM_CONVERSION = YES;
				CLANG_WARN_INFINITE_RECURSION = YES;
				CLANG_WARN_INT_CONVERSION = YES;
				CLANG_WARN_NON_LITERAL_NULL_CONVERSION = YES;
				CLANG_WARN_OBJC_IMPLICIT_RETAIN_SELF = YES;
				CLANG_WARN_OBJC_LITERAL_CONVERSION = YES;
				CLANG_WARN_OBJC_ROOT_CLASS = YES_ERROR;
				CLANG_WARN_RANGE_LOOP_ANALYSIS = YES;
				CLANG_WARN_STRICT_PROTOTYPES = YES;
				CLANG_WARN_SUSPICIOUS_MOVE = YES;
				CLANG_WARN_UNGUARDED_AVAILABILITY = YES_AGGRESSIVE;
				CLANG_WARN_UNREACHABLE_CODE = YES;
				CLANG_WARN__DUPLICATE_METHOD_MATCH = YES;
				CODE_SIGN_IDENTITY = "iPhone Developer";
				COPY_PHASE_STRIP = NO;
				DEBUG_INFORMATION_FORMAT = "dwarf-with-dsym";
				ENABLE_NS_ASSERTIONS = NO;
				ENABLE_STRICT_OBJC_MSGSEND = YES;
				GCC_C_LANGUAGE_STANDARD = gnu11;
				GCC_NO_COMMON_BLOCKS = YES;
				GCC_WARN_64_TO_32_BIT_CONVERSION = YES;
				GCC_WARN_ABOUT_RETURN_TYPE = YES_ERROR;
				GCC_WARN_UNDECLARED_SELECTOR = YES;
				GCC_WARN_UNINITIALIZED_AUTOS = YES_AGGRESSIVE;
				GCC_WARN_UNUSED_FUNCTION = YES;
				GCC_WARN_UNUSED_VARIABLE = YES;
				IPHONEOS_DEPLOYMENT_TARGET = 11.3;
				MTL_ENABLE_DEBUG_INFO = NO;
				SDKROOT = iphoneos;
				VALIDATE_PRODUCT = YES;
			};
			name = Release;
		};
		BA65AB1C22731F6E008518F0 /* Debug */ = {
			isa = XCBuildConfiguration;
			buildSettings = {
				ASSETCATALOG_COMPILER_APPICON_NAME = AppIcon;
				CODE_SIGN_STYLE = Automatic;
				INFOPLIST_FILE = "Registeration with Maps/Info.plist";
				LD_RUNPATH_SEARCH_PATHS = (
					"$(inherited)",
					"@executable_path/Frameworks",
				);
				PRODUCT_BUNDLE_IDENTIFIER = "com.ep.Registeration-with-Maps";
				PRODUCT_NAME = "$(TARGET_NAME)";
				TARGETED_DEVICE_FAMILY = "1,2";
			};
			name = Debug;
		};
		BA65AB1D22731F6E008518F0 /* Release */ = {
			isa = XCBuildConfiguration;
			buildSettings = {
				ASSETCATALOG_COMPILER_APPICON_NAME = AppIcon;
				CODE_SIGN_STYLE = Automatic;
				INFOPLIST_FILE = "Registeration with Maps/Info.plist";
				LD_RUNPATH_SEARCH_PATHS = (
					"$(inherited)",
					"@executable_path/Frameworks",
				);
				PRODUCT_BUNDLE_IDENTIFIER = "com.ep.Registeration-with-Maps";
				PRODUCT_NAME = "$(TARGET_NAME)";
				TARGETED_DEVICE_FAMILY = "1,2";
			};
			name = Release;
		};
/* End XCBuildConfiguration section */

/* Begin XCConfigurationList section */
		BA65AAFD22731F61008518F0 /* Build configuration list for PBXProject "Registeration with Maps" */ = {
			isa = XCConfigurationList;
			buildConfigurations = (
				BA65AB1922731F6E008518F0 /* Debug */,
				BA65AB1A22731F6E008518F0 /* Release */,
			);
			defaultConfigurationIsVisible = 0;
			defaultConfigurationName = Release;
		};
		BA65AB1B22731F6E008518F0 /* Build configuration list for PBXNativeTarget "Registeration with Maps" */ = {
			isa = XCConfigurationList;
			buildConfigurations = (
				BA65AB1C22731F6E008518F0 /* Debug */,
				BA65AB1D22731F6E008518F0 /* Release */,
			);
			defaultConfigurationIsVisible = 0;
			defaultConfigurationName = Release;
		};
/* End XCConfigurationList section */

/* Begin XCVersionGroup section */
		BA65AB0E22731F61008518F0 /* Registeration_with_Maps.xcdatamodeld */ = {
			isa = XCVersionGroup;
			children = (
				BA65AB0F22731F61008518F0 /* Registeration_with_Maps.xcdatamodel */,
			);
			currentVersion = BA65AB0F22731F61008518F0 /* Registeration_with_Maps.xcdatamodel */;
			path = Registeration_with_Maps.xcdatamodeld;
			sourceTree = "<group>";
			versionGroupType = wrapper.xcdatamodel;
		};
/* End XCVersionGroup section */
	};
	rootObject = BA65AAFA22731F61008518F0 /* Project object */;
}
